
Microsoft Visual Studio Solution File, Format Version 12.00
# Visual Studio Version 17
VisualStudioVersion = 17.0.31903.59
MinimumVisualStudioVersion = 10.0.40219.1
Project("{2150E333-8FDC-42A3-9474-1A3956D46DE8}") = "Src", "Src", "{5198E2E7-C9E7-4046-9B8E-2849FDF6654C}"
EndProject
Project("{2150E333-8FDC-42A3-9474-1A3956D46DE8}") = "Tests", "Tests", "{649B2B84-37B8-4CDA-9AD8-6E13937B43F5}"
EndProject
Project("{2150E333-8FDC-42A3-9474-1A3956D46DE8}") = "Doc", "Doc", "{43034243-9A6B-4BD6-BC08-161E2D6629BD}"
EndProject
Project("{9A19103F-16F7-4668-BE54-9A1E7A4F7556}") = "LaundryApp.Entities", "LaundryApp.Entities\LaundryApp.Entities.csproj", "{22C69E4E-9DA2-4687-8F3A-11D7E351C3CE}"
EndProject
Project("{9A19103F-16F7-4668-BE54-9A1E7A4F7556}") = "LaundryApp.Data", "LaundryApp.Data\LaundryApp.Data.csproj", "{D0B44C63-94B5-411D-8514-BD77E83CC364}"
EndProject
Project("{9A19103F-16F7-4668-BE54-9A1E7A4F7556}") = "LaundryApp.Services", "LaundryApp.Services\LaundryApp.Services.csproj", "{D0D58667-42E1-4A69-8202-31B6202CA7DC}"
EndProject
Project("{9A19103F-16F7-4668-BE54-9A1E7A4F7556}") = "LaundryServicesTest", "LaundryServicesTest\LaundryServicesTest.csproj", "{1FB8D0E4-0D94-4662-AED7-81B425FD21AA}"
EndProject
Project("{2150E333-8FDC-42A3-9474-1A3956D46DE8}") = "Api", "Api", "{118A9DF8-B4B7-4916-AA98-A43CB113BFB8}"
EndProject
Project("{9A19103F-16F7-4668-BE54-9A1E7A4F7556}") = "api.laundryapp.com", "api.laundryapp.com\api.laundryapp.com.csproj", "{42AE37AA-C645-41F2-A411-B35DD80FC67D}"
EndProject
Project("{FAE04EC0-301F-11D3-BF4B-00C04F79EFBC}") = "FunctionCreateRequest", "FunctionCreateRequest\FunctionCreateRequest.csproj", "{E30F2BEF-C30A-4CAA-AA63-E2424EC9D485}"
EndProject
Project("{FAE04EC0-301F-11D3-BF4B-00C04F79EFBC}") = "FunctionEventGridListner", "FunctionEventGridListner\FunctionEventGridListner.csproj", "{02E70AE9-76F6-40EA-83FB-1EA49664486B}"
EndProject
Global
	GlobalSection(SolutionConfigurationPlatforms) = preSolution
		Debug|Any CPU = Debug|Any CPU
		Release|Any CPU = Release|Any CPU
	EndGlobalSection
	GlobalSection(ProjectConfigurationPlatforms) = postSolution
		{22C69E4E-9DA2-4687-8F3A-11D7E351C3CE}.Debug|Any CPU.ActiveCfg = Debug|Any CPU
		{22C69E4E-9DA2-4687-8F3A-11D7E351C3CE}.Debug|Any CPU.Build.0 = Debug|Any CPU
		{22C69E4E-9DA2-4687-8F3A-11D7E351C3CE}.Release|Any CPU.ActiveCfg = Release|Any CPU
		{22C69E4E-9DA2-4687-8F3A-11D7E351C3CE}.Release|Any CPU.Build.0 = Release|Any CPU
		{D0B44C63-94B5-411D-8514-BD77E83CC364}.Debug|Any CPU.ActiveCfg = Debug|Any CPU
		{D0B44C63-94B5-411D-8514-BD77E83CC364}.Debug|Any CPU.Build.0 = Debug|Any CPU
		{D0B44C63-94B5-411D-8514-BD77E83CC364}.Release|Any CPU.ActiveCfg = Release|Any CPU
		{D0B44C63-94B5-411D-8514-BD77E83CC364}.Release|Any CPU.Build.0 = Release|Any CPU
		{D0D58667-42E1-4A69-8202-31B6202CA7DC}.Debug|Any CPU.ActiveCfg = Debug|Any CPU
		{D0D58667-42E1-4A69-8202-31B6202CA7DC}.Debug|Any CPU.Build.0 = Debug|Any CPU
		{D0D58667-42E1-4A69-8202-31B6202CA7DC}.Release|Any CPU.ActiveCfg = Release|Any CPU
		{D0D58667-42E1-4A69-8202-31B6202CA7DC}.Release|Any CPU.Build.0 = Release|Any CPU
		{1FB8D0E4-0D94-4662-AED7-81B425FD21AA}.Debug|Any CPU.ActiveCfg = Debug|Any CPU
		{1FB8D0E4-0D94-4662-AED7-81B425FD21AA}.Debug|Any CPU.Build.0 = Debug|Any CPU
		{1FB8D0E4-0D94-4662-AED7-81B425FD21AA}.Release|Any CPU.ActiveCfg = Release|Any CPU
		{1FB8D0E4-0D94-4662-AED7-81B425FD21AA}.Release|Any CPU.Build.0 = Release|Any CPU
		{42AE37AA-C645-41F2-A411-B35DD80FC67D}.Debug|Any CPU.ActiveCfg = Debug|Any CPU
		{42AE37AA-C645-41F2-A411-B35DD80FC67D}.Debug|Any CPU.Build.0 = Debug|Any CPU
		{42AE37AA-C645-41F2-A411-B35DD80FC67D}.Release|Any CPU.ActiveCfg = Release|Any CPU
		{42AE37AA-C645-41F2-A411-B35DD80FC67D}.Release|Any CPU.Build.0 = Release|Any CPU
		{E30F2BEF-C30A-4CAA-AA63-E2424EC9D485}.Debug|Any CPU.ActiveCfg = Debug|Any CPU
		{E30F2BEF-C30A-4CAA-AA63-E2424EC9D485}.Debug|Any CPU.Build.0 = Debug|Any CPU
		{E30F2BEF-C30A-4CAA-AA63-E2424EC9D485}.Release|Any CPU.ActiveCfg = Release|Any CPU
		{E30F2BEF-C30A-4CAA-AA63-E2424EC9D485}.Release|Any CPU.Build.0 = Release|Any CPU
		{02E70AE9-76F6-40EA-83FB-1EA49664486B}.Debug|Any CPU.ActiveCfg = Debug|Any CPU
		{02E70AE9-76F6-40EA-83FB-1EA49664486B}.Debug|Any CPU.Build.0 = Debug|Any CPU
		{02E70AE9-76F6-40EA-83FB-1EA49664486B}.Release|Any CPU.ActiveCfg = Release|Any CPU
		{02E70AE9-76F6-40EA-83FB-1EA49664486B}.Release|Any CPU.Build.0 = Release|Any CPU
	EndGlobalSection
	GlobalSection(SolutionProperties) = preSolution
		HideSolutionNode = FALSE
	EndGlobalSection
	GlobalSection(NestedProjects) = preSolution
		{22C69E4E-9DA2-4687-8F3A-11D7E351C3CE} = {5198E2E7-C9E7-4046-9B8E-2849FDF6654C}
		{D0B44C63-94B5-411D-8514-BD77E83CC364} = {5198E2E7-C9E7-4046-9B8E-2849FDF6654C}
		{D0D58667-42E1-4A69-8202-31B6202CA7DC} = {5198E2E7-C9E7-4046-9B8E-2849FDF6654C}
		{1FB8D0E4-0D94-4662-AED7-81B425FD21AA} = {649B2B84-37B8-4CDA-9AD8-6E13937B43F5}
		{42AE37AA-C645-41F2-A411-B35DD80FC67D} = {118A9DF8-B4B7-4916-AA98-A43CB113BFB8}
		{E30F2BEF-C30A-4CAA-AA63-E2424EC9D485} = {118A9DF8-B4B7-4916-AA98-A43CB113BFB8}
		{02E70AE9-76F6-40EA-83FB-1EA49664486B} = {118A9DF8-B4B7-4916-AA98-A43CB113BFB8}
	EndGlobalSection
	GlobalSection(ExtensibilityGlobals) = postSolution
		SolutionGuid = {10EB1208-C767-48CC-BD0E-F44CB87FCED9}
	EndGlobalSection
EndGlobal
